<Solution>
  <Folder Name="/src/">
    <Project Path="src/Whisparr2.Net/Whisparr2.Net.csproj" />
  </Folder>
  <Folder Name="/test/">
    <Project Path="test/Whisparr2.Net.UnitTests/Whisparr2.Net.UnitTests.csproj" />
    <Project Path="test/Whisparr2.Net.IntegrationTests/Whisparr2.Net.IntegrationTests.csproj" />
  </Folder>
</Solution>
